{
  "version": "2",
  "remote": {
    "https://deno.land/std@0.106.0/_util/assert.ts": "2f868145a042a11d5ad0a3c748dcf580add8a0dbc0e876eaa0026303a5488f58",
    "https://deno.land/std@0.106.0/_util/os.ts": "dfb186cc4e968c770ab6cc3288bd65f4871be03b93beecae57d657232ecffcac",
    "https://deno.land/std@0.106.0/fs/_util.ts": "f2ce811350236ea8c28450ed822a5f42a0892316515b1cd61321dec13569c56b",
    "https://deno.land/std@0.106.0/fs/ensure_dir.ts": "b7c103dc41a3d1dbbb522bf183c519c37065fdc234831a4a0f7d671b1ed5fea7",
    "https://deno.land/std@0.106.0/fs/expand_glob.ts": "73e7b13f01097b04ed782b3d63863379b718417417758ba622e282b1e5300b91",
    "https://deno.land/std@0.106.0/fs/walk.ts": "b91c655c60d048035f9cae0e6177991ab3245e786e3ab7d20a5b60012edf2126",
    "https://deno.land/std@0.106.0/path/_constants.ts": "1247fee4a79b70c89f23499691ef169b41b6ccf01887a0abd131009c5581b853",
    "https://deno.land/std@0.106.0/path/_interface.ts": "1fa73b02aaa24867e481a48492b44f2598cd9dfa513c7b34001437007d3642e4",
    "https://deno.land/std@0.106.0/path/_util.ts": "2e06a3b9e79beaf62687196bd4b60a4c391d862cfa007a20fc3a39f778ba073b",
    "https://deno.land/std@0.106.0/path/common.ts": "eaf03d08b569e8a87e674e4e265e099f237472b6fd135b3cbeae5827035ea14a",
    "https://deno.land/std@0.106.0/path/glob.ts": "3b84af55c53febacf6afe214c095624b22a56b6f57d7312157479cc783a0de65",
    "https://deno.land/std@0.106.0/path/mod.ts": "4465dc494f271b02569edbb4a18d727063b5dbd6ed84283ff906260970a15d12",
    "https://deno.land/std@0.106.0/path/posix.ts": "b81974c768d298f8dcd2c720229639b3803ca4a241fa9a355c762fa2bc5ef0c1",
    "https://deno.land/std@0.106.0/path/separator.ts": "8fdcf289b1b76fd726a508f57d3370ca029ae6976fcde5044007f062e643ff1c",
    "https://deno.land/std@0.106.0/path/win32.ts": "f4a3d4a3f2c9fe894da046d5eac48b5e789a0ebec5152b2c0985efe96a9f7ae1",
    "https://deno.land/std@0.164.0/_util/asserts.ts": "d0844e9b62510f89ce1f9878b046f6a57bf88f208a10304aab50efcb48365272",
    "https://deno.land/std@0.164.0/_util/os.ts": "8a33345f74990e627b9dfe2de9b040004b08ea5146c7c9e8fe9a29070d193934",
    "https://deno.land/std@0.164.0/async/pool.ts": "ef9eb97b388543acbf0ac32647121e4dbe629236899586c4d4311a8770fbb239",
    "https://deno.land/std@0.164.0/bytes/bytes_list.ts": "aba5e2369e77d426b10af1de0dcc4531acecec27f9b9056f4f7bfbf8ac147ab4",
    "https://deno.land/std@0.164.0/bytes/equals.ts": "3c3558c3ae85526f84510aa2b48ab2ad7bdd899e2e0f5b7a8ffc85acb3a6043a",
    "https://deno.land/std@0.164.0/bytes/mod.ts": "b2e342fd3669176a27a4e15061e9d588b89c1aaf5008ab71766e23669565d179",
    "https://deno.land/std@0.164.0/fmt/colors.ts": "9e36a716611dcd2e4865adea9c4bec916b5c60caad4cdcdc630d4974e6bb8bd4",
    "https://deno.land/std@0.164.0/io/buffer.ts": "245f1762a949082ddc0a6e9b15589d0be2d29c150266decd04320b8a8318f9f6",
    "https://deno.land/std@0.164.0/io/types.d.ts": "107e1e64834c5ba917c783f446b407d33432c5d612c4b3430df64fc2b4ecf091",
    "https://deno.land/std@0.164.0/path/_constants.ts": "df1db3ffa6dd6d1252cc9617e5d72165cd2483df90e93833e13580687b6083c3",
    "https://deno.land/std@0.164.0/path/_interface.ts": "ee3b431a336b80cf445441109d089b70d87d5e248f4f90ff906820889ecf8d09",
    "https://deno.land/std@0.164.0/path/_util.ts": "d16be2a16e1204b65f9d0dfc54a9bc472cafe5f4a190b3c8471ec2016ccd1677",
    "https://deno.land/std@0.164.0/path/common.ts": "bee563630abd2d97f99d83c96c2fa0cca7cee103e8cb4e7699ec4d5db7bd2633",
    "https://deno.land/std@0.164.0/path/glob.ts": "cb5255638de1048973c3e69e420c77dc04f75755524cb3b2e160fe9277d939ee",
    "https://deno.land/std@0.164.0/path/mod.ts": "56fec03ad0ebd61b6ab39ddb9b0ddb4c4a5c9f2f4f632e09dd37ec9ebfd722ac",
    "https://deno.land/std@0.164.0/path/posix.ts": "6b63de7097e68c8663c84ccedc0fd977656eb134432d818ecd3a4e122638ac24",
    "https://deno.land/std@0.164.0/path/separator.ts": "fe1816cb765a8068afb3e8f13ad272351c85cbc739af56dacfc7d93d710fe0f9",
    "https://deno.land/std@0.164.0/path/win32.ts": "7cebd2bda6657371adc00061a1d23fdd87bcdf64b4843bb148b0b24c11b40f69",
    "https://deno.land/std@0.164.0/streams/conversion.ts": "555c6c249f3acf85655f2d0af52d1cb3168e40b1c1fa26beefea501b333abe28",
    "https://deno.land/std@0.164.0/testing/_diff.ts": "a23e7fc2b4d8daa3e158fa06856bedf5334ce2a2831e8bf9e509717f455adb2c",
    "https://deno.land/std@0.164.0/testing/_format.ts": "cd11136e1797791045e639e9f0f4640d5b4166148796cad37e6ef75f7d7f3832",
    "https://deno.land/std@0.164.0/testing/asserts.ts": "1e340c589853e82e0807629ba31a43c84ebdcdeca910c4a9705715dfdb0f5ce8",
    "https://deno.land/std@0.167.0/_util/asserts.ts": "d0844e9b62510f89ce1f9878b046f6a57bf88f208a10304aab50efcb48365272",
    "https://deno.land/std@0.167.0/_util/os.ts": "8a33345f74990e627b9dfe2de9b040004b08ea5146c7c9e8fe9a29070d193934",
    "https://deno.land/std@0.167.0/async/pool.ts": "6854d8cd675a74c73391c82005cbbe4cc58183bddcd1fbbd7c2bcda42b61cf69",
    "https://deno.land/std@0.167.0/bytes/bytes_list.ts": "aba5e2369e77d426b10af1de0dcc4531acecec27f9b9056f4f7bfbf8ac147ab4",
    "https://deno.land/std@0.167.0/bytes/concat.ts": "97a1274e117510ffffc9499c4debb9541e408732bab2e0ca624869ae13103c10",
    "https://deno.land/std@0.167.0/bytes/copy.ts": "d14a58f188a997ee0d2ba696d0c82a42f4fb4b6705e90a4238b77d7644dae24c",
    "https://deno.land/std@0.167.0/io/buffer.ts": "9d6f555ded12960bd5a44f57291a82270cca0a77bde6cadd1384a03a86bf876a",
    "https://deno.land/std@0.167.0/io/types.d.ts": "790d3a3fa6b7f298d4cfbcf8bfd9d4be595c1b1acaa3eebb3009177df98bf93c",
    "https://deno.land/std@0.167.0/path/_constants.ts": "df1db3ffa6dd6d1252cc9617e5d72165cd2483df90e93833e13580687b6083c3",
    "https://deno.land/std@0.167.0/path/_interface.ts": "ee3b431a336b80cf445441109d089b70d87d5e248f4f90ff906820889ecf8d09",
    "https://deno.land/std@0.167.0/path/_util.ts": "d16be2a16e1204b65f9d0dfc54a9bc472cafe5f4a190b3c8471ec2016ccd1677",
    "https://deno.land/std@0.167.0/path/common.ts": "bee563630abd2d97f99d83c96c2fa0cca7cee103e8cb4e7699ec4d5db7bd2633",
    "https://deno.land/std@0.167.0/path/glob.ts": "81cc6c72be002cd546c7a22d1f263f82f63f37fe0035d9726aa96fc8f6e4afa1",
    "https://deno.land/std@0.167.0/path/mod.ts": "cf7cec7ac11b7048bb66af8ae03513e66595c279c65cfa12bfc07d9599608b78",
    "https://deno.land/std@0.167.0/path/posix.ts": "b859684bc4d80edfd4cad0a82371b50c716330bed51143d6dcdbe59e6278b30c",
    "https://deno.land/std@0.167.0/path/separator.ts": "fe1816cb765a8068afb3e8f13ad272351c85cbc739af56dacfc7d93d710fe0f9",
    "https://deno.land/std@0.167.0/path/win32.ts": "7cebd2bda6657371adc00061a1d23fdd87bcdf64b4843bb148b0b24c11b40f69",
    "https://deno.land/std@0.167.0/streams/_common.ts": "a931bdab61de705bbfeda25d7bcf8e6edbba37492f90737b3c2889604313df46",
    "https://deno.land/std@0.167.0/streams/conversion.ts": "2d2127a08be7ba28ef26c6ff1b2fec442109e5aac09c79cbe36fb0883d51645f",
    "https://deno.land/std@0.167.0/streams/copy.ts": "9a972a4befee3306095e9bb058a5a4d73b681df6ca088d7209f9a0736271aadc",
    "https://deno.land/std@0.167.0/streams/iterate_reader.ts": "26adde791b4206a8abbbd6365a8845b88aef396c1fd642066ec8e8480675e6a1",
    "https://deno.land/std@0.167.0/streams/read_all.ts": "52c733b63ca52af7d78326228529d7d629d5b3bb7c34c0a0261b5a6ecc209e73",
    "https://deno.land/std@0.167.0/streams/readable_stream_from_iterable.ts": "eaa03bf3b7fbffa665d3d9c30435dcce3437c67559f97eaccc58995d3efcf8cd",
    "https://deno.land/std@0.167.0/streams/readable_stream_from_reader.ts": "fa1e01839d214826a1547f108f2858d9f97b267ccf2523bf08c6db3e07ae3124",
    "https://deno.land/std@0.167.0/streams/reader_from_iterable.ts": "91ebe9cfed2422b7193e222e3479d31f7906171df4f94e0d8df35877b9d15e69",
    "https://deno.land/std@0.167.0/streams/reader_from_stream_reader.ts": "88043a2b2932443e1b5133264283ded6872bec0604d4e69235ebf73e5e9ddde3",
    "https://deno.land/std@0.167.0/streams/to_transform_stream.ts": "f3fea34e2d338d9022079d2e756a834b4c233758ad2bcdb43ace326b06c8d36c",
    "https://deno.land/std@0.167.0/streams/writable_stream_from_writer.ts": "ae8daf9f524c449485235900746d195c4d845bb452aed679e67288a9b6848f3b",
    "https://deno.land/std@0.167.0/streams/write_all.ts": "7525aa90e34a2bb56d094403ad9c0e31e7db87a47cb556e6dc0404e6deca084c",
    "https://deno.land/std@0.167.0/streams/writer_from_stream_writer.ts": "eee7964dc30acc74a02fc52f98f3a4fd46d1382d7897859b21eeebbd0a754ec6",
    "https://deno.land/x/code_block_writer@11.0.0/comment_char.ts": "22b66890bbdf7a2d59777ffd8231710c1fda1c11fadada67632a596937a1a314",
    "https://deno.land/x/code_block_writer@11.0.0/mod.ts": "dc43d56c3487bae02886a09754fb09c607da4ea866817e80f3e60632f3391d70",
    "https://deno.land/x/code_block_writer@11.0.0/utils/string_utils.ts": "60cb4ec8bd335bf241ef785ccec51e809d576ff8e8d29da43d2273b69ce2a6ff",
    "https://deno.land/x/ts_morph@13.0.2/common/DenoRuntime.ts": "b9ac7200ac980c1aea503cf8302e6581c8ddcdc3dbca850d0dd5a43969d7d16e",
    "https://deno.land/x/ts_morph@13.0.2/common/mod.ts": "01985d2ee7da8d1caee318a9d07664774fbee4e31602bc2bb6bb62c3489555ed",
    "https://deno.land/x/ts_morph@13.0.2/common/ts_morph_common.d.ts": "aacba92e65115e95113ad3c6e652f349434488712a65e18a6642076cfc234235",
    "https://deno.land/x/ts_morph@13.0.2/common/ts_morph_common.js": "f59f082febbe930a6a996b6a4dc2481844f7f8b5a2a4ab057105584099de050f",
    "https://deno.land/x/ts_morph@13.0.2/common/typescript.d.ts": "bbfbfa714a8f9fdf10e9483b4abd82ccb546fc0fc069ad80d0a254fa40930e98",
    "https://deno.land/x/ts_morph@13.0.2/common/typescript.js": "dca27ae23ee7eaa46a03e7e7216755186a4c5aff76273e0a66d30358be0e121b",
    "https://deno.land/x/ts_morph@13.0.2/ts_morph.js": "4df77443e7171432f089c58fffd69460eb83a566a8709e483d43b8fab08ef8c6",
    "https://deno.land/x/xml@2.0.4/mod.ts": "e0f63d82d3bb4c082e009956a34a2b3a31006dbdc28b25d27c5089feb8e9fa4f",
    "https://deno.land/x/xml@2.0.4/parse.ts": "db7c16f4bcb0d47fc704e2d7e11e54716d195e4ba9f8fd8a28aa09007c02749d",
    "https://deno.land/x/xml@2.0.4/stringify.ts": "67989ecd99f25a1c4730f8eb45ea3d9ca8c17ed083851593053a9198e0ca9fff",
    "https://deno.land/x/xml@2.0.4/utils/parser.ts": "b2dd27d70e0ff5e9a4f28b7b3e6e4e6ea54714b4695c628fc37050f20e5ee3a5",
    "https://deno.land/x/xml@2.0.4/utils/stream.ts": "f7a5b219e8c1981b8f48353167fb7eb116a8c0f84a375068d036a1ba848e0673",
    "https://deno.land/x/xml@2.0.4/utils/streamable.ts": "d6429add37e740b0a4f1970d8d55ae9798309805c5126e03963533872a20d81d",
    "https://deno.land/x/xml@2.0.4/utils/stringifier.ts": "094d4353b3f71b64dded80ed50e98c994b6da89957c91152f24d320f0082d67e",
    "https://deno.land/x/xml@2.0.4/utils/types.ts": "290c064b2b6bd9497bb67835488a2a9546437e06e54b295b214668a1b947e3e5",
    "https://deno.land/x/zod@v3.19.1/ZodError.ts": "bd013373ed0cb47621d18df2abb8709a231166806821d76a84d31cad7068379e",
    "https://deno.land/x/zod@v3.19.1/errors.ts": "5285922d2be9700cc0c70c95e4858952b07ae193aa0224be3cbd5cd5567eabef",
    "https://deno.land/x/zod@v3.19.1/external.ts": "584f70718e55ae2660d18a552f9c3a5d022f8153aa43e6537f2c2738d6808d42",
    "https://deno.land/x/zod@v3.19.1/helpers/enumUtil.ts": "54efc393cc9860e687d8b81ff52e980def00fa67377ad0bf8b3104f8a5bf698c",
    "https://deno.land/x/zod@v3.19.1/helpers/errorUtil.ts": "7a77328240be7b847af6de9189963bd9f79cab32bbc61502a9db4fe6683e2ea7",
    "https://deno.land/x/zod@v3.19.1/helpers/parseUtil.ts": "920a5623929a4be9110412f82d16ccda537a58e153c942a6d6b8a38329f293a1",
    "https://deno.land/x/zod@v3.19.1/helpers/partialUtil.ts": "8dc921a02b47384cf52217c7e539268daf619f89319b75bdf13ea178815725df",
    "https://deno.land/x/zod@v3.19.1/helpers/typeAliases.ts": "a1a8d039eb98925f242f5ea1e21e6d3cabd7f05e9747680165c914695c979b4f",
    "https://deno.land/x/zod@v3.19.1/helpers/util.ts": "27765b9fbf843da59fcc16dccd6478976051b483769ec8e8376ac051bbac4a02",
    "https://deno.land/x/zod@v3.19.1/index.ts": "035a7422d9f2be54daa0fe464254b69225b443000673e4794095d672471e8792",
    "https://deno.land/x/zod@v3.19.1/locales/en.ts": "152ea350b7df6ce14f2806fc8c0972f56c9b2de6a3dd1129795287f50dee4374",
    "https://deno.land/x/zod@v3.19.1/mod.ts": "64e55237cb4410e17d968cd08975566059f27638ebb0b86048031b987ba251c4",
    "https://deno.land/x/zod@v3.19.1/types.ts": "ab062fe1640d2172f49ca593fb325a22f8927145201f29b02b62353c79db2501"
  }
}
